# THIS IS AN AUTOGENERATED FILE. DO NOT EDIT THIS FILE DIRECTLY.
# yarn lockfile v1


"@babel/code-frame@^7.28.6", "@babel/code-frame@^7.29.0":
  version "7.29.0"
  resolved "https://registry.yarnpkg.com/@babel/code-frame/-/code-frame-7.29.0.tgz#7cd7a59f15b3cc0dcd803038f7792712a7d0b15c"
  integrity sha512-9NhCeYjq9+3uxgdtp20LSiJXJvN0FeCtNGpJxuMFZ1Kv3cWUNb6DOhJwUvcVCzKGR66cw4njwM6hrJLqgOwbcw==
  dependencies:
    "@babel/helper-validator-identifier" "^7.28.5"
    js-tokens "^4.0.0"
    picocolors "^1.1.1"

"@babel/generator@^7.28.0", "@babel/generator@^7.29.0":
  version "7.29.1"
  resolved "https://registry.yarnpkg.com/@babel/generator/-/generator-7.29.1.tgz#d09876290111abbb00ef962a7b83a5307fba0d50"
  integrity sha512-qsaF+9Qcm2Qv8SRIMMscAvG4O3lJ0F1GuMo5HR/Bp02LopNgnZBC/EkbevHFeGs4ls/oPz9v+Bsmzbkbe+0dUw==
  dependencies:
    "@babel/parser" "^7.29.0"
    "@babel/types" "^7.29.0"
    "@jridgewell/gen-mapping" "^0.3.12"
    "@jridgewell/trace-mapping" "^0.3.28"
    jsesc "^3.0.2"

"@babel/helper-globals@^7.28.0":
  version "7.28.0"
  resolved "https://registry.yarnpkg.com/@babel/helper-globals/-/helper-globals-7.28.0.tgz#b9430df2aa4e17bc28665eadeae8aa1d985e6674"
  integrity sha512-+W6cISkXFa1jXsDEdYA8HeevQT/FULhxzR99pxphltZcVaugps53THCeiWA8SguxxpSp3gKPiuYfSWopkLQ4hw==

"@babel/helper-string-parser@^7.27.1":
  version "7.27.1"
  resolved "https://registry.yarnpkg.com/@babel/helper-string-parser/-/helper-string-parser-7.27.1.tgz#54da796097ab19ce67ed9f88b47bb2ec49367687"
  integrity sha512-qMlSxKbpRlAridDExk92nSobyDdpPijUq2DW6oDnUqd0iOGxmQjyqhMIihI9+zv4LPyZdRje2cavWPbCbWm3eA==

"@babel/helper-validator-identifier@^7.28.5":
  version "7.28.5"
  resolved "https://registry.yarnpkg.com/@babel/helper-validator-identifier/-/helper-validator-identifier-7.28.5.tgz#010b6938fab7cb7df74aa2bbc06aa503b8fe5fb4"
  integrity sha512-qSs4ifwzKJSV39ucNjsvc6WVHs6b7S03sOh2OcHF9UHfVPqWWALUsNUVzhSBiItjRZoLHx7nIarVjqKVusUZ1Q==

"@babel/parser@^7.28.0", "@babel/parser@^7.28.6", "@babel/parser@^7.29.0":
  version "7.29.2"
  resolved "https://registry.yarnpkg.com/@babel/parser/-/parser-7.29.2.tgz#58bd50b9a7951d134988a1ae177a35ef9a703ba1"
  integrity sha512-4GgRzy/+fsBa72/RZVJmGKPmZu9Byn8o4MoLpmNe1m8ZfYnz5emHLQz3U4gLud6Zwl0RZIcgiLD7Uq7ySFuDLA==
  dependencies:
    "@babel/types" "^7.29.0"

"@babel/template@^7.28.6":
  version "7.28.6"
  resolved "https://registry.yarnpkg.com/@babel/template/-/template-7.28.6.tgz#0e7e56ecedb78aeef66ce7972b082fce76a23e57"
  integrity sha512-YA6Ma2KsCdGb+WC6UpBVFJGXL58MDA6oyONbjyF/+5sBgxY/dwkhLogbMT2GXXyU84/IhRw/2D1Os1B/giz+BQ==
  dependencies:
    "@babel/code-frame" "^7.28.6"
    "@babel/parser" "^7.28.6"
    "@babel/types" "^7.28.6"

"@babel/traverse@^7.28.0":
  version "7.29.0"
  resolved "https://registry.yarnpkg.com/@babel/traverse/-/traverse-7.29.0.tgz#f323d05001440253eead3c9c858adbe00b90310a"
  integrity sha512-4HPiQr0X7+waHfyXPZpWPfWL/J7dcN1mx9gL6WdQVMbPnF3+ZhSMs8tCxN7oHddJE9fhNE7+lxdnlyemKfJRuA==
  dependencies:
    "@babel/code-frame" "^7.29.0"
    "@babel/generator" "^7.29.0"
    "@babel/helper-globals" "^7.28.0"
    "@babel/parser" "^7.29.0"
    "@babel/template" "^7.28.6"
    "@babel/types" "^7.29.0"
    debug "^4.3.1"

"@babel/types@^7.28.0", "@babel/types@^7.28.6", "@babel/types@^7.29.0":
  version "7.29.0"
  resolved "https://registry.yarnpkg.com/@babel/types/-/types-7.29.0.tgz#9f5b1e838c446e72cf3cd4b918152b8c605e37c7"
  integrity sha512-LwdZHpScM4Qz8Xw2iKSzS+cfglZzJGvofQICy7W7v4caru4EaAmyUuO6BGrbyQ2mYV11W0U8j5mBhd14dd3B0A==
  dependencies:
    "@babel/helper-string-parser" "^7.27.1"
    "@babel/helper-validator-identifier" "^7.28.5"

"@jridgewell/gen-mapping@^0.3.12":
  version "0.3.13"
  resolved "https://registry.yarnpkg.com/@jridgewell/gen-mapping/-/gen-mapping-0.3.13.tgz#6342a19f44347518c93e43b1ac69deb3c4656a1f"
  integrity sha512-2kkt/7niJ6MgEPxF0bYdQ6etZaA+fQvDcLKckhy1yIQOzaoKjBBjSj63/aLVjYE3qhRt5dvM+uUyfCg6UKCBbA==
  dependencies:
    "@jridgewell/sourcemap-codec" "^1.5.0"
    "@jridgewell/trace-mapping" "^0.3.24"

"@jridgewell/resolve-uri@^3.1.0":
  version "3.1.2"
  resolved "https://registry.yarnpkg.com/@jridgewell/resolve-uri/-/resolve-uri-3.1.2.tgz#7a0ee601f60f99a20c7c7c5ff0c80388c1189bd6"
  integrity sha512-bRISgCIjP20/tbWSPWMEi54QVPRZExkuD9lJL+UIxUKtwVJA8wW1Trb1jMs1RFXo1CBTNZ/5hpC9QvmKWdopKw==

"@jridgewell/sourcemap-codec@^1.4.14", "@jridgewell/sourcemap-codec@^1.5.0":
  version "1.5.5"
  resolved "https://registry.yarnpkg.com/@jridgewell/sourcemap-codec/-/sourcemap-codec-1.5.5.tgz#6912b00d2c631c0d15ce1a7ab57cd657f2a8f8ba"
  integrity sha512-cYQ9310grqxueWbl+WuIUIaiUaDcj7WOq5fVhEljNVgRfOUhY9fy2zTvfoqWsnebh8Sl70VScFbICvJnLKB0Og==

"@jridgewell/trace-mapping@^0.3.24", "@jridgewell/trace-mapping@^0.3.28":
  version "0.3.31"
  resolved "https://registry.yarnpkg.com/@jridgewell/trace-mapping/-/trace-mapping-0.3.31.tgz#db15d6781c931f3a251a3dac39501c98a6082fd0"
  integrity sha512-zzNR+SdQSDJzc8joaeP8QQoCQr8NuYx2dIIytl1QeBEZHJ9uW6hebsrYgbz8hJwUQao3TWCMtmfV8Nu1twOLAw==
  dependencies:
    "@jridgewell/resolve-uri" "^3.1.0"
    "@jridgewell/sourcemap-codec" "^1.4.14"

"@nestjs/config@^4.0.4":
  version "4.0.4"
  resolved "https://registry.yarnpkg.com/@nestjs/config/-/config-4.0.4.tgz#311d806fdc32a8bf29cf9ced903b97cbdb7e064b"
  integrity sha512-CJPjNitr0bAufSEnRe2N+JbnVmMmDoo6hvKCPzXgZoGwJSmp/dZPk9f/RMbuD/+Q1ZJPjwsRpq0vxna++Knwow==
  dependencies:
    dotenv "17.4.1"
    dotenv-expand "12.0.3"
    lodash "4.18.1"

"@trivago/prettier-plugin-sort-imports@^6.0.2":
  version "6.0.2"
  resolved "https://registry.yarnpkg.com/@trivago/prettier-plugin-sort-imports/-/prettier-plugin-sort-imports-6.0.2.tgz#b30948c4d22a84f00ae9133bcabd0603de3c0261"
  integrity sha512-3DgfkukFyC/sE/VuYjaUUWoFfuVjPK55vOFDsxD56XXynFMCZDYFogH2l/hDfOsQAm1myoU/1xByJ3tWqtulXA==
  dependencies:
    "@babel/generator" "^7.28.0"
    "@babel/parser" "^7.28.0"
    "@babel/traverse" "^7.28.0"
    "@babel/types" "^7.28.0"
    javascript-natural-sort "^0.7.1"
    lodash-es "^4.17.21"
    minimatch "^9.0.0"
    parse-imports-exports "^0.2.4"

"@types/node@^25.6.0":
  version "25.6.0"
  resolved "https://registry.yarnpkg.com/@types/node/-/node-25.6.0.tgz#4e09bad9b469871f2d0f68140198cbd714f4edca"
  integrity sha512-+qIYRKdNYJwY3vRCZMdJbPLJAtGjQBudzZzdzwQYkEPQd+PJGixUL5QfvCLDaULoLv+RhT3LDkwEfKaAkgSmNQ==
  dependencies:
    undici-types "~7.19.0"

"@types/prettier@^3.0.0":
  version "3.0.0"
  resolved "https://registry.yarnpkg.com/@types/prettier/-/prettier-3.0.0.tgz#e9bc8160230d3a461dab5c5b41cceef1ef723057"
  integrity sha512-mFMBfMOz8QxhYVbuINtswBp9VL2b4Y0QqYHwqLz3YbgtfAcat2Dl6Y1o4e22S/OVE6Ebl9m7wWiMT2lSbAs1wA==
  dependencies:
    prettier "*"

"@types/validator@^13.15.3":
  version "13.15.10"
  resolved "https://registry.yarnpkg.com/@types/validator/-/validator-13.15.10.tgz#742b77ec34d58554b94a76a14cef30d59e3c16b9"
  integrity sha512-T8L6i7wCuyoK8A/ZeLYt1+q0ty3Zb9+qbSSvrIVitzT3YjZqkTZ40IbRsPanlB4h1QB3JVL1SYCdR6ngtFYcuA==

balanced-match@^1.0.0:
  version "1.0.2"
  resolved "https://registry.yarnpkg.com/balanced-match/-/balanced-match-1.0.2.tgz#e83e3a7e3f300b34cb9d87f615fa0cbf357690ee"
  integrity sha512-3oSeUO0TMV67hN1AmbXsK4yaqU7tjiHlbxRDZOpH0KW9+CeX4bRAaX0Anxt0tx2MrpRpWwQaPwIlISEJhYU5Pw==

brace-expansion@^2.0.2:
  version "2.1.0"
  resolved "https://registry.yarnpkg.com/brace-expansion/-/brace-expansion-2.1.0.tgz#4f41a41190216ee36067ec381526fe9539c4f0ae"
  integrity sha512-TN1kCZAgdgweJhWWpgKYrQaMNHcDULHkWwQIspdtjV4Y5aurRdZpjAqn6yX3FPqTA9ngHCc4hJxMAMgGfve85w==
  dependencies:
    balanced-match "^1.0.0"

class-transformer@^0.5.1:
  version "0.5.1"
  resolved "https://registry.yarnpkg.com/class-transformer/-/class-transformer-0.5.1.tgz#24147d5dffd2a6cea930a3250a677addf96ab336"
  integrity sha512-SQa1Ws6hUbfC98vKGxZH3KFY0Y1lm5Zm0SY8XX9zbK7FJCyVEac3ATW0RIpwzW+oOfmHE5PMPufDG9hCfoEOMw==

class-validator@^0.15.1:
  version "0.15.1"
  resolved "https://registry.yarnpkg.com/class-validator/-/class-validator-0.15.1.tgz#002600c101bcebb16e7240870cb50535340c9600"
  integrity sha512-LqoS80HBBSCVhz/3KloUly0ovokxpdOLR++Al3J3+dHXWt9sTKlKd4eYtoxhxyUjoe5+UcIM+5k9MIxyBWnRTw==
  dependencies:
    "@types/validator" "^13.15.3"
    libphonenumber-js "^1.11.1"
    validator "^13.15.22"

debug@^4.3.1:
  version "4.4.3"
  resolved "https://registry.yarnpkg.com/debug/-/debug-4.4.3.tgz#c6ae432d9bd9662582fce08709b038c58e9e3d6a"
  integrity sha512-RGwwWnwQvkVfavKVt22FGLw+xYSdzARwm0ru6DhTVA3umU5hZc28V3kO4stgYryrTlLpuvgI9GiijltAjNbcqA==
  dependencies:
    ms "^2.1.3"

dotenv-expand@12.0.3:
  version "12.0.3"
  resolved "https://registry.yarnpkg.com/dotenv-expand/-/dotenv-expand-12.0.3.tgz#6323ceca51ca0c1b1f0055e2aba39c79781739a6"
  integrity sha512-uc47g4b+4k/M/SeaW1y4OApx+mtLWl92l5LMPP0GNXctZqELk+YGgOPIIC5elYmUH4OuoK3JLhuRUYegeySiFA==
  dependencies:
    dotenv "^16.4.5"

dotenv@17.4.1:
  version "17.4.1"
  resolved "https://registry.yarnpkg.com/dotenv/-/dotenv-17.4.1.tgz#d8e2179fe287365ef3aecb9459668454168eda88"
  integrity sha512-k8DaKGP6r1G30Lx8V4+pCsLzKr8vLmV2paqEj1Y55GdAgJuIqpRp5FfajGF8KtwMxCz9qJc6wUIJnm053d/WCw==

dotenv@^16.4.5:
  version "16.6.1"
  resolved "https://registry.yarnpkg.com/dotenv/-/dotenv-16.6.1.tgz#773f0e69527a8315c7285d5ee73c4459d20a8020"
  integrity sha512-uBq4egWHTcTt33a72vpSG0z3HnPuIl6NqYcTrKEg2azoEyl2hpW0zqlxysq2pK9HlDIHyHyakeYaYnSAwd8bow==

javascript-natural-sort@^0.7.1:
  version "0.7.1"
  resolved "https://registry.yarnpkg.com/javascript-natural-sort/-/javascript-natural-sort-0.7.1.tgz#f9e2303d4507f6d74355a73664d1440fb5a0ef59"
  integrity sha512-nO6jcEfZWQXDhOiBtG2KvKyEptz7RVbpGP4vTD2hLBdmNQSsCiicO2Ioinv6UI4y9ukqnBpy+XZ9H6uLNgJTlw==

js-tokens@^4.0.0:
  version "4.0.0"
  resolved "https://registry.yarnpkg.com/js-tokens/-/js-tokens-4.0.0.tgz#19203fb59991df98e3a287050d4647cdeaf32499"
  integrity sha512-RdJUflcE3cUzKiMqQgsCu06FPu9UdIJO0beYbPhHN4k6apgJtifcoCtT9bcxOpYBtpD2kCM6Sbzg4CausW/PKQ==

jsesc@^3.0.2:
  version "3.1.0"
  resolved "https://registry.yarnpkg.com/jsesc/-/jsesc-3.1.0.tgz#74d335a234f67ed19907fdadfac7ccf9d409825d"
  integrity sha512-/sM3dO2FOzXjKQhJuo0Q173wf2KOo8t4I8vHy6lF9poUp7bKT0/NHE8fPX23PwfhnykfqnC2xRxOnVw5XuGIaA==

libphonenumber-js@^1.11.1:
  version "1.12.41"
  resolved "https://registry.yarnpkg.com/libphonenumber-js/-/libphonenumber-js-1.12.41.tgz#d0eed671df1a3fe1338430ecd1c3943b9aac8844"
  integrity sha512-lsmMmGXBxXIK/VMLEj0kL6MtUs1kBGj1nTCzi6zgQoG1DEwqwt2DQyHxcLykceIxAnfE3hya7NuIh6PpC6S3fA==

lodash-es@^4.17.21:
  version "4.18.1"
  resolved "https://registry.yarnpkg.com/lodash-es/-/lodash-es-4.18.1.tgz#b962eeb80d9d983a900bf342961fb7418ca10b1d"
  integrity sha512-J8xewKD/Gk22OZbhpOVSwcs60zhd95ESDwezOFuA3/099925PdHJ7OFHNTGtajL3AlZkykD32HykiMo+BIBI8A==

lodash@4.18.1:
  version "4.18.1"
  resolved "https://registry.yarnpkg.com/lodash/-/lodash-4.18.1.tgz#ff2b66c1f6326d59513de2407bf881439812771c"
  integrity sha512-dMInicTPVE8d1e5otfwmmjlxkZoUpiVLwyeTdUsi/Caj/gfzzblBcCE5sRHV/AsjuCmxWrte2TNGSYuCeCq+0Q==

minimatch@^9.0.0:
  version "9.0.9"
  resolved "https://registry.yarnpkg.com/minimatch/-/minimatch-9.0.9.tgz#9b0cb9fcb78087f6fd7eababe2511c4d3d60574e"
  integrity sha512-OBwBN9AL4dqmETlpS2zasx+vTeWclWzkblfZk7KTA5j3jeOONz/tRCnZomUyvNg83wL5Zv9Ss6HMJXAgL8R2Yg==
  dependencies:
    brace-expansion "^2.0.2"

ms@^2.1.3:
  version "2.1.3"
  resolved "https://registry.yarnpkg.com/ms/-/ms-2.1.3.tgz#574c8138ce1d2b5861f0b44579dbadd60c6615b2"
  integrity sha512-6FlzubTLZG3J2a/NVCAleEhjzq5oxgHyaCU9yYXvcLsvoVaHJq/s5xXI6/XXP6tz7R9xAOtHnSO/tXtF3WRTlA==

parse-imports-exports@^0.2.4:
  version "0.2.4"
  resolved "https://registry.yarnpkg.com/parse-imports-exports/-/parse-imports-exports-0.2.4.tgz#e3fb3b5e264cfb55c25b5dfcbe7f410f8dc4e7af"
  integrity sha512-4s6vd6dx1AotCx/RCI2m7t7GCh5bDRUtGNvRfHSP2wbBQdMi67pPe7mtzmgwcaQ8VKK/6IB7Glfyu3qdZJPybQ==
  dependencies:
    parse-statements "1.0.11"

parse-statements@1.0.11:
  version "1.0.11"
  resolved "https://registry.yarnpkg.com/parse-statements/-/parse-statements-1.0.11.tgz#8787c5d383ae5746568571614be72b0689584344"
  integrity sha512-HlsyYdMBnbPQ9Jr/VgJ1YF4scnldvJpJxCVx6KgqPL4dxppsWrJHCIIxQXMJrqGnsRkNPATbeMJ8Yxu7JMsYcA==

picocolors@^1.1.1:
  version "1.1.1"
  resolved "https://registry.yarnpkg.com/picocolors/-/picocolors-1.1.1.tgz#3d321af3eab939b083c8f929a1d12cda81c26b6b"
  integrity sha512-xceH2snhtb5M9liqDsmEw56le376mTZkEX/jEb/RxNFyegNul7eNslCXP9FDj/Lcu0X8KEyMceP2ntpaHrDEVA==

prettier@*, prettier@^3.8.3:
  version "3.8.3"
  resolved "https://registry.yarnpkg.com/prettier/-/prettier-3.8.3.tgz#560f2de55bf01b4c0503bc629d5df99b9a1d09b0"
  integrity sha512-7igPTM53cGHMW8xWuVTydi2KO233VFiTNyF5hLJqpilHfmn8C8gPf+PS7dUT64YcXFbiMGZxS9pCSxL/Dxm/Jw==

typescript@^6.0.3:
  version "6.0.3"
  resolved "https://registry.yarnpkg.com/typescript/-/typescript-6.0.3.tgz#90251dc007916e972786cb94d74d15b185577d21"
  integrity sha512-y2TvuxSZPDyQakkFRPZHKFm+KKVqIisdg9/CZwm9ftvKXLP8NRWj38/ODjNbr43SsoXqNuAisEf1GdCxqWcdBw==

undici-types@~7.19.0:
  version "7.19.2"
  resolved "https://registry.yarnpkg.com/undici-types/-/undici-types-7.19.2.tgz#1b67fc26d0f157a0cba3a58a5b5c1e2276b8ba2a"
  integrity sha512-qYVnV5OEm2AW8cJMCpdV20CDyaN3g0AjDlOGf1OW4iaDEx8MwdtChUp4zu4H0VP3nDRF/8RKWH+IPp9uW0YGZg==

validator@^13.15.22:
  version "13.15.35"
  resolved "https://registry.yarnpkg.com/validator/-/validator-13.15.35.tgz#81cf455c51f15b69d8d340be5914f3fab00dbf7f"
  integrity sha512-TQ5pAGhd5whStmqWvYF4OjQROlmv9SMFVt37qoCBdqRffuuklWYQlCNnEs2ZaIBD1kZRNnikiZOS1eqgkar0iw==
